// !$*UTF8*$!
{
	archiveVersion = 1;
	classes = {
	};
	objectVersion = 50;
	objects = {

/* Begin PBXBuildFile section */
		66387FD52632C592000B5BF1 /* AboutSettingCell.swift in Sources */ = {isa = PBXBuildFile; fileRef = 66387FD32632C592000B5BF1 /* AboutSettingCell.swift */; };
		66387FD62632C592000B5BF1 /* AboutSettingCell.xib in Resources */ = {isa = PBXBuildFile; fileRef = 66387FD42632C592000B5BF1 /* AboutSettingCell.xib */; };
		669DD97A2630255E00A67963 /* AppDelegate.swift in Sources */ = {isa = PBXBuildFile; fileRef = 669DD9792630255E00A67963 /* AppDelegate.swift */; };
		669DD97C2630255E00A67963 /* SceneDelegate.swift in Sources */ = {isa = PBXBuildFile; fileRef = 669DD97B2630255E00A67963 /* SceneDelegate.swift */; };
		669DD97E2630255E00A67963 /* ViewController.swift in Sources */ = {isa = PBXBuildFile; fileRef = 669DD97D2630255E00A67963 /* ViewController.swift */; };
		669DD9812630255E00A67963 /* Main.storyboard in Resources */ = {isa = PBXBuildFile; fileRef = 669DD97F2630255E00A67963 /* Main.storyboard */; };
		669DD9842630255E00A67963 /* ExpandCell_EbueroApp.xcdatamodeld in Sources */ = {isa = PBXBuildFile; fileRef = 669DD9822630255E00A67963 /* ExpandCell_EbueroApp.xcdatamodeld */; };
		669DD9862630256000A67963 /* Assets.xcassets in Resources */ = {isa = PBXBuildFile; fileRef = 669DD9852630256000A67963 /* Assets.xcassets */; };
		669DD9892630256000A67963 /* LaunchScreen.storyboard in Resources */ = {isa = PBXBuildFile; fileRef = 669DD9872630256000A67963 /* LaunchScreen.storyboard */; };
		66C00C612631511900D6D0FE /* Setting.swift in Sources */ = {isa = PBXBuildFile; fileRef = 66C00C602631511900D6D0FE /* Setting.swift */; };
		66C00C652631572C00D6D0FE /* SettingCell.swift in Sources */ = {isa = PBXBuildFile; fileRef = 66C00C632631572C00D6D0FE /* SettingCell.swift */; };
		66C00C662631572C00D6D0FE /* SettingCell.xib in Resources */ = {isa = PBXBuildFile; fileRef = 66C00C642631572C00D6D0FE /* SettingCell.xib */; };
		66C00C6A2631577600D6D0FE /* HeaderDetailCell.swift in Sources */ = {isa = PBXBuildFile; fileRef = 66C00C682631577600D6D0FE /* HeaderDetailCell.swift */; };
		66C00C6B2631577600D6D0FE /* HeaderDetailCell.xib in Resources */ = {isa = PBXBuildFile; fileRef = 66C00C692631577600D6D0FE /* HeaderDetailCell.xib */; };
		66C00C6F2631578C00D6D0FE /* BottomDetailCell.swift in Sources */ = {isa = PBXBuildFile; fileRef = 66C00C6D2631578C00D6D0FE /* BottomDetailCell.swift */; };
		66C00C702631578C00D6D0FE /* BottomDetailCell.xib in Resources */ = {isa = PBXBuildFile; fileRef = 66C00C6E2631578C00D6D0FE /* BottomDetailCell.xib */; };
		66C87F772636ADA200CC9909 /* CardDetailSetting.swift in Sources */ = {isa = PBXBuildFile; fileRef = 66C87F752636ADA200CC9909 /* CardDetailSetting.swift */; };
		66C87F782636ADA200CC9909 /* CardDetailSetting.xib in Resources */ = {isa = PBXBuildFile; fileRef = 66C87F762636ADA200CC9909 /* CardDetailSetting.xib */; };
/* End PBXBuildFile section */

/* Begin PBXFileReference section */
		66387FD32632C592000B5BF1 /* AboutSettingCell.swift */ = {isa = PBXFileReference; lastKnownFileType = sourcecode.swift; path = AboutSettingCell.swift; sourceTree = "<group>"; };
		66387FD42632C592000B5BF1 /* AboutSettingCell.xib */ = {isa = PBXFileReference; lastKnownFileType = file.xib; path = AboutSettingCell.xib; sourceTree = "<group>"; };
		669DD9762630255E00A67963 /* ExpandCell.EbueroApp.app */ = {isa = PBXFileReference; explicitFileType = wrapper.application; includeInIndex = 0; path = ExpandCell.EbueroApp.app; sourceTree = BUILT_PRODUCTS_DIR; };
		669DD9792630255E00A67963 /* AppDelegate.swift */ = {isa = PBXFileReference; lastKnownFileType = sourcecode.swift; path = AppDelegate.swift; sourceTree = "<group>"; };
		669DD97B2630255E00A67963 /* SceneDelegate.swift */ = {isa = PBXFileReference; lastKnownFileType = sourcecode.swift; path = SceneDelegate.swift; sourceTree = "<group>"; };
		669DD97D2630255E00A67963 /* ViewController.swift */ = {isa = PBXFileReference; lastKnownFileType = sourcecode.swift; path = ViewController.swift; sourceTree = "<group>"; };
		669DD9802630255E00A67963 /* Base */ = {isa = PBXFileReference; lastKnownFileType = file.storyboard; name = Base; path = Base.lproj/Main.storyboard; sourceTree = "<group>"; };
		669DD9832630255E00A67963 /* ExpandCell_EbueroApp.xcdatamodel */ = {isa = PBXFileReference; lastKnownFileType = wrapper.xcdatamodel; path = ExpandCell_EbueroApp.xcdatamodel; sourceTree = "<group>"; };
		669DD9852630256000A67963 /* Assets.xcassets */ = {isa = PBXFileReference; lastKnownFileType = folder.assetcatalog; path = Assets.xcassets; sourceTree = "<group>"; };
		669DD9882630256000A67963 /* Base */ = {isa = PBXFileReference; lastKnownFileType = file.storyboard; name = Base; path = Base.lproj/LaunchScreen.storyboard; sourceTree = "<group>"; };
		669DD98A2630256000A67963 /* Info.plist */ = {isa = PBXFileReference; lastKnownFileType = text.plist.xml; path = Info.plist; sourceTree = "<group>"; };
		66C00C602631511900D6D0FE /* Setting.swift */ = {isa = PBXFileReference; lastKnownFileType = sourcecode.swift; path = Setting.swift; sourceTree = "<group>"; };
		66C00C632631572C00D6D0FE /* SettingCell.swift */ = {isa = PBXFileReference; lastKnownFileType = sourcecode.swift; path = SettingCell.swift; sourceTree = "<group>"; };
		66C00C642631572C00D6D0FE /* SettingCell.xib */ = {isa = PBXFileReference; lastKnownFileType = file.xib; path = SettingCell.xib; sourceTree = "<group>"; };
		66C00C682631577600D6D0FE /* HeaderDetailCell.swift */ = {isa = PBXFileReference; lastKnownFileType = sourcecode.swift; path = HeaderDetailCell.swift; sourceTree = "<group>"; };
		66C00C692631577600D6D0FE /* HeaderDetailCell.xib */ = {isa = PBXFileReference; lastKnownFileType = file.xib; path = HeaderDetailCell.xib; sourceTree = "<group>"; };
		66C00C6D2631578C00D6D0FE /* BottomDetailCell.swift */ = {isa = PBXFileReference; lastKnownFileType = sourcecode.swift; path = BottomDetailCell.swift; sourceTree = "<group>"; };
		66C00C6E2631578C00D6D0FE /* BottomDetailCell.xib */ = {isa = PBXFileReference; lastKnownFileType = file.xib; path = BottomDetailCell.xib; sourceTree = "<group>"; };
		66C87F752636ADA200CC9909 /* CardDetailSetting.swift */ = {isa = PBXFileReference; lastKnownFileType = sourcecode.swift; path = CardDetailSetting.swift; sourceTree = "<group>"; };
		66C87F762636ADA200CC9909 /* CardDetailSetting.xib */ = {isa = PBXFileReference; lastKnownFileType = file.xib; path = CardDetailSetting.xib; sourceTree = "<group>"; };
/* End PBXFileReference section */

/* Begin PBXFrameworksBuildPhase section */
		669DD9732630255E00A67963 /* Frameworks */ = {
			isa = PBXFrameworksBuildPhase;
			buildActionMask = 2147483647;
			files = (
			);
			runOnlyForDeploymentPostprocessing = 0;
		};
/* End PBXFrameworksBuildPhase section */

/* Begin PBXGroup section */
		66387FD82632C598000B5BF1 /* AboutCell */ = {
			isa = PBXGroup;
			children = (
				66387FD32632C592000B5BF1 /* AboutSettingCell.swift */,
				66387FD42632C592000B5BF1 /* AboutSettingCell.xib */,
			);
			path = AboutCell;
			sourceTree = "<group>";
		};
		669DD96D2630255E00A67963 = {
			isa = PBXGroup;
			children = (
				669DD9782630255E00A67963 /* ExpandCell.EbueroApp */,
				669DD9772630255E00A67963 /* Products */,
			);
			sourceTree = "<group>";
		};
		669DD9772630255E00A67963 /* Products */ = {
			isa = PBXGroup;
			children = (
				669DD9762630255E00A67963 /* ExpandCell.EbueroApp.app */,
			);
			name = Products;
			sourceTree = "<group>";
		};
		669DD9782630255E00A67963 /* ExpandCell.EbueroApp */ = {
			isa = PBXGroup;
			children = (
				669DD9792630255E00A67963 /* AppDelegate.swift */,
				669DD97B2630255E00A67963 /* SceneDelegate.swift */,
				669DD97D2630255E00A67963 /* ViewController.swift */,
				669DD97F2630255E00A67963 /* Main.storyboard */,
				669DD9852630256000A67963 /* Assets.xcassets */,
				66C00C602631511900D6D0FE /* Setting.swift */,
				66C00C722631579A00D6D0FE /* CellSetting */,
				669DD9872630256000A67963 /* LaunchScreen.storyboard */,
				669DD98A2630256000A67963 /* Info.plist */,
				669DD9822630255E00A67963 /* ExpandCell_EbueroApp.xcdatamodeld */,
			);
			path = ExpandCell.EbueroApp;
			sourceTree = "<group>";
		};
		66C00C722631579A00D6D0FE /* CellSetting */ = {
			isa = PBXGroup;
			children = (
				66C00C7426315A8000D6D0FE /* SettingCell */,
				66C00C7626315AD100D6D0FE /* HeaderCell */,
				66C00C7726315ADE00D6D0FE /* BottomCell */,
				66387FD82632C598000B5BF1 /* AboutCell */,
				66C87F7A2636ADA700CC9909 /* CardCell */,
			);
			path = CellSetting;
			sourceTree = "<group>";
		};
		66C00C7426315A8000D6D0FE /* SettingCell */ = {
			isa = PBXGroup;
			children = (
				66C00C632631572C00D6D0FE /* SettingCell.swift */,
				66C00C642631572C00D6D0FE /* SettingCell.xib */,
			);
			path = SettingCell;
			sourceTree = "<group>";
		};
		66C00C7626315AD100D6D0FE /* HeaderCell */ = {
			isa = PBXGroup;
			children = (
				66C00C682631577600D6D0FE /* HeaderDetailCell.swift */,
				66C00C692631577600D6D0FE /* HeaderDetailCell.xib */,
			);
			path = HeaderCell;
			sourceTree = "<group>";
		};
		66C00C7726315ADE00D6D0FE /* BottomCell */ = {
			isa = PBXGroup;
			children = (
				66C00C6D2631578C00D6D0FE /* BottomDetailCell.swift */,
				66C00C6E2631578C00D6D0FE /* BottomDetailCell.xib */,
			);
			path = BottomCell;
			sourceTree = "<group>";
		};
		66C87F7A2636ADA700CC9909 /* CardCell */ = {
			isa = PBXGroup;
			children = (
				66C87F752636ADA200CC9909 /* CardDetailSetting.swift */,
				66C87F762636ADA200CC9909 /* CardDetailSetting.xib */,
			);
			path = CardCell;
			sourceTree = "<group>";
		};
/* End PBXGroup section */

/* Begin PBXNativeTarget section */
		669DD9752630255E00A67963 /* ExpandCell.EbueroApp */ = {
			isa = PBXNativeTarget;
			buildConfigurationList = 669DD98D2630256000A67963 /* Build configuration list for PBXNativeTarget "ExpandCell.EbueroApp" */;
			buildPhases = (
				669DD9722630255E00A67963 /* Sources */,
				669DD9732630255E00A67963 /* Frameworks */,
				669DD9742630255E00A67963 /* Resources */,
			);
			buildRules = (
			);
			dependencies = (
			);
			name = ExpandCell.EbueroApp;
			productName = ExpandCell.EbueroApp;
			productReference = 669DD9762630255E00A67963 /* ExpandCell.EbueroApp.app */;
			productType = "com.apple.product-type.application";
		};
/* End PBXNativeTarget section */

/* Begin PBXProject section */
		669DD96E2630255E00A67963 /* Project object */ = {
			isa = PBXProject;
			attributes = {
				LastSwiftUpdateCheck = 1240;
				LastUpgradeCheck = 1240;
				TargetAttributes = {
					669DD9752630255E00A67963 = {
						CreatedOnToolsVersion = 12.4;
					};
				};
			};
			buildConfigurationList = 669DD9712630255E00A67963 /* Build configuration list for PBXProject "ExpandCell.EbueroApp" */;
			compatibilityVersion = "Xcode 9.3";
			developmentRegion = en;
			hasScannedForEncodings = 0;
			knownRegions = (
				en,
				Base,
			);
			mainGroup = 669DD96D2630255E00A67963;
			productRefGroup = 669DD9772630255E00A67963 /* Products */;
			projectDirPath = "";
			projectRoot = "";
			targets = (
				669DD9752630255E00A67963 /* ExpandCell.EbueroApp */,
			);
		};
/* End PBXProject section */

/* Begin PBXResourcesBuildPhase section */
		669DD9742630255E00A67963 /* Resources */ = {
			isa = PBXResourcesBuildPhase;
			buildActionMask = 2147483647;
			files = (
				66387FD62632C592000B5BF1 /* AboutSettingCell.xib in Resources */,
				66C87F782636ADA200CC9909 /* CardDetailSetting.xib in Resources */,
				66C00C6B2631577600D6D0FE /* HeaderDetailCell.xib in Resources */,
				669DD9892630256000A67963 /* LaunchScreen.storyboard in Resources */,
				669DD9862630256000A67963 /* Assets.xcassets in Resources */,
				66C00C702631578C00D6D0FE /* BottomDetailCell.xib in Resources */,
				66C00C662631572C00D6D0FE /* SettingCell.xib in Resources */,
				669DD9812630255E00A67963 /* Main.storyboard in Resources */,
			);
			runOnlyForDeploymentPostprocessing = 0;
		};
/* End PBXResourcesBuildPhase section */

/* Begin PBXSourcesBuildPhase section */
		669DD9722630255E00A67963 /* Sources */ = {
			isa = PBXSourcesBuildPhase;
			buildActionMask = 2147483647;
			files = (
				66C00C652631572C00D6D0FE /* SettingCell.swift in Sources */,
				66C00C6F2631578C00D6D0FE /* BottomDetailCell.swift in Sources */,
				66C00C612631511900D6D0FE /* Setting.swift in Sources */,
				66C00C6A2631577600D6D0FE /* HeaderDetailCell.swift in Sources */,
				669DD97E2630255E00A67963 /* ViewController.swift in Sources */,
				669DD9842630255E00A67963 /* ExpandCell_EbueroApp.xcdatamodeld in Sources */,
				669DD97A2630255E00A67963 /* AppDelegate.swift in Sources */,
				669DD97C2630255E00A67963 /* SceneDelegate.swift in Sources */,
				66387FD52632C592000B5BF1 /* AboutSettingCell.swift in Sources */,
				66C87F772636ADA200CC9909 /* CardDetailSetting.swift in Sources */,
			);
			runOnlyForDeploymentPostprocessing = 0;
		};
/* End PBXSourcesBuildPhase section */

/* Begin PBXVariantGroup section */
		669DD97F2630255E00A67963 /* Main.storyboard */ = {
			isa = PBXVariantGroup;
			children = (
				669DD9802630255E00A67963 /* Base */,
			);
			name = Main.storyboard;
			sourceTree = "<group>";
		};
		669DD9872630256000A67963 /* LaunchScreen.storyboard */ = {
			isa = PBXVariantGroup;
			children = (
				669DD9882630256000A67963 /* Base */,
			);
			name = LaunchScreen.storyboard;
			sourceTree = "<group>";
		};
/* End PBXVariantGroup section */

/* Begin XCBuildConfiguration section */
		669DD98B2630256000A67963 /* Debug */ = {
			isa = XCBuildConfiguration;
			buildSettings = {
				ALWAYS_SEARCH_USER_PATHS = NO;
				CLANG_ANALYZER_NONNULL = YES;
				CLANG_ANALYZER_NUMBER_OBJECT_CONVERSION = YES_AGGRESSIVE;
				CLANG_CXX_LANGUAGE_STANDARD = "gnu++14";
				CLANG_CXX_LIBRARY = "libc++";
				CLANG_ENABLE_MODULES = YES;
				CLANG_ENABLE_OBJC_ARC = YES;
				CLANG_ENABLE_OBJC_WEAK = YES;
				CLANG_WARN_BLOCK_CAPTURE_AUTORELEASING = YES;
				CLANG_WARN_BOOL_CONVERSION = YES;
				CLANG_WARN_COMMA = YES;
				CLANG_WARN_CONSTANT_CONVERSION = YES;
				CLANG_WARN_DEPRECATED_OBJC_IMPLEMENTATIONS = YES;
				CLANG_WARN_DIRECT_OBJC_ISA_USAGE = YES_ERROR;
				CLANG_WARN_DOCUMENTATION_COMMENTS = YES;
				CLANG_WARN_EMPTY_BODY = YES;
				CLANG_WARN_ENUM_CONVERSION = YES;
				CLANG_WARN_INFINITE_RECURSION = YES;
				CLANG_WARN_INT_CONVERSION = YES;
				CLANG_WARN_NON_LITERAL_NULL_CONVERSION = YES;
				CLANG_WARN_OBJC_IMPLICIT_RETAIN_SELF = YES;
				CLANG_WARN_OBJC_LITERAL_CONVERSION = YES;
				CLANG_WARN_OBJC_ROOT_CLASS = YES_ERROR;
				CLANG_WARN_QUOTED_INCLUDE_IN_FRAMEWORK_HEADER = YES;
				CLANG_WARN_RANGE_LOOP_ANALYSIS = YES;
				CLANG_WARN_STRICT_PROTOTYPES = YES;
				CLANG_WARN_SUSPICIOUS_MOVE = YES;
				CLANG_WARN_UNGUARDED_AVAILABILITY = YES_AGGRESSIVE;
				CLANG_WARN_UNREACHABLE_CODE = YES;
				CLANG_WARN__DUPLICATE_METHOD_MATCH = YES;
				COPY_PHASE_STRIP = NO;
				DEBUG_INFORMATION_FORMAT = dwarf;
				ENABLE_STRICT_OBJC_MSGSEND = YES;
				ENABLE_TESTABILITY = YES;
				GCC_C_LANGUAGE_STANDARD = gnu11;
				GCC_DYNAMIC_NO_PIC = NO;
				GCC_NO_COMMON_BLOCKS = YES;
				GCC_OPTIMIZATION_LEVEL = 0;
				GCC_PREPROCESSOR_DEFINITIONS = (
					"DEBUG=1",
					"$(inherited)",
				);
				GCC_WARN_64_TO_32_BIT_CONVERSION = YES;
				GCC_WARN_ABOUT_RETURN_TYPE = YES_ERROR;
				GCC_WARN_UNDECLARED_SELECTOR = YES;
				GCC_WARN_UNINITIALIZED_AUTOS = YES_AGGRESSIVE;
				GCC_WARN_UNUSED_FUNCTION = YES;
				GCC_WARN_UNUSED_VARIABLE = YES;
				IPHONEOS_DEPLOYMENT_TARGET = 14.4;
				MTL_ENABLE_DEBUG_INFO = INCLUDE_SOURCE;
				MTL_FAST_MATH = YES;
				ONLY_ACTIVE_ARCH = YES;
				SDKROOT = iphoneos;
				SWIFT_ACTIVE_COMPILATION_CONDITIONS = DEBUG;
				SWIFT_OPTIMIZATION_LEVEL = "-Onone";
			};
			name = Debug;
		};
		669DD98C2630256000A67963 /* Release */ = {
			isa = XCBuildConfiguration;
			buildSettings = {
				ALWAYS_SEARCH_USER_PATHS = NO;
				CLANG_ANALYZER_NONNULL = YES;
				CLANG_ANALYZER_NUMBER_OBJECT_CONVERSION = YES_AGGRESSIVE;
				CLANG_CXX_LANGUAGE_STANDARD = "gnu++14";
				CLANG_CXX_LIBRARY = "libc++";
				CLANG_ENABLE_MODULES = YES;
				CLANG_ENABLE_OBJC_ARC = YES;
				CLANG_ENABLE_OBJC_WEAK = YES;
				CLANG_WARN_BLOCK_CAPTURE_AUTORELEASING = YES;
				CLANG_WARN_BOOL_CONVERSION = YES;
				CLANG_WARN_COMMA = YES;
				CLANG_WARN_CONSTANT_CONVERSION = YES;
				CLANG_WARN_DEPRECATED_OBJC_IMPLEMENTATIONS = YES;
				CLANG_WARN_DIRECT_OBJC_ISA_USAGE = YES_ERROR;
				CLANG_WARN_DOCUMENTATION_COMMENTS = YES;
				CLANG_WARN_EMPTY_BODY = YES;
				CLANG_WARN_ENUM_CONVERSION = YES;
				CLANG_WARN_INFINITE_RECURSION = YES;
				CLANG_WARN_INT_CONVERSION = YES;
				CLANG_WARN_NON_LITERAL_NULL_CONVERSION = YES;
				CLANG_WARN_OBJC_IMPLICIT_RETAIN_SELF = YES;
				CLANG_WARN_OBJC_LITERAL_CONVERSION = YES;
				CLANG_WARN_OBJC_ROOT_CLASS = YES_ERROR;
				CLANG_WARN_QUOTED_INCLUDE_IN_FRAMEWORK_HEADER = YES;
				CLANG_WARN_RANGE_LOOP_ANALYSIS = YES;
				CLANG_WARN_STRICT_PROTOTYPES = YES;
				CLANG_WARN_SUSPICIOUS_MOVE = YES;
				CLANG_WARN_UNGUARDED_AVAILABILITY = YES_AGGRESSIVE;
				CLANG_WARN_UNREACHABLE_CODE = YES;
				CLANG_WARN__DUPLICATE_METHOD_MATCH = YES;
				COPY_PHASE_STRIP = NO;
				DEBUG_INFORMATION_FORMAT = "dwarf-with-dsym";
				ENABLE_NS_ASSERTIONS = NO;
				ENABLE_STRICT_OBJC_MSGSEND = YES;
				GCC_C_LANGUAGE_STANDARD = gnu11;
				GCC_NO_COMMON_BLOCKS = YES;
				GCC_WARN_64_TO_32_BIT_CONVERSION = YES;
				GCC_WARN_ABOUT_RETURN_TYPE = YES_ERROR;
				GCC_WARN_UNDECLARED_SELECTOR = YES;
				GCC_WARN_UNINITIALIZED_AUTOS = YES_AGGRESSIVE;
				GCC_WARN_UNUSED_FUNCTION = YES;
				GCC_WARN_UNUSED_VARIABLE = YES;
				IPHONEOS_DEPLOYMENT_TARGET = 14.4;
				MTL_ENABLE_DEBUG_INFO = NO;
				MTL_FAST_MATH = YES;
				SDKROOT = iphoneos;
				SWIFT_COMPILATION_MODE = wholemodule;
				SWIFT_OPTIMIZATION_LEVEL = "-O";
				VALIDATE_PRODUCT = YES;
			};
			name = Release;
		};
		669DD98E2630256000A67963 /* Debug */ = {
			isa = XCBuildConfiguration;
			buildSettings = {
				ASSETCATALOG_COMPILER_APPICON_NAME = AppIcon;
				ASSETCATALOG_COMPILER_GLOBAL_ACCENT_COLOR_NAME = AccentColor;
				CODE_SIGN_STYLE = Automatic;
				DEVELOPMENT_TEAM = T9F2Y7U5EF;
				INFOPLIST_FILE = ExpandCell.EbueroApp/Info.plist;
				LD_RUNPATH_SEARCH_PATHS = (
					"$(inherited)",
					"@executable_path/Frameworks",
				);
				PRODUCT_BUNDLE_IDENTIFIER = "com.phenixcrime.ExpandCell-EbueroApp";
				PRODUCT_NAME = "$(TARGET_NAME)";
				SWIFT_VERSION = 5.0;
				TARGETED_DEVICE_FAMILY = "1,2";
			};
			name = Debug;
		};
		669DD98F2630256000A67963 /* Release */ = {
			isa = XCBuildConfiguration;
			buildSettings = {
				ASSETCATALOG_COMPILER_APPICON_NAME = AppIcon;
				ASSETCATALOG_COMPILER_GLOBAL_ACCENT_COLOR_NAME = AccentColor;
				CODE_SIGN_STYLE = Automatic;
				DEVELOPMENT_TEAM = T9F2Y7U5EF;
				INFOPLIST_FILE = ExpandCell.EbueroApp/Info.plist;
				LD_RUNPATH_SEARCH_PATHS = (
					"$(inherited)",
					"@executable_path/Frameworks",
				);
				PRODUCT_BUNDLE_IDENTIFIER = "com.phenixcrime.ExpandCell-EbueroApp";
				PRODUCT_NAME = "$(TARGET_NAME)";
				SWIFT_VERSION = 5.0;
				TARGETED_DEVICE_FAMILY = "1,2";
			};
			name = Release;
		};
/* End XCBuildConfiguration section */

/* Begin XCConfigurationList section */
		669DD9712630255E00A67963 /* Build configuration list for PBXProject "ExpandCell.EbueroApp" */ = {
			isa = XCConfigurationList;
			buildConfigurations = (
				669DD98B2630256000A67963 /* Debug */,
				669DD98C2630256000A67963 /* Release */,
			);
			defaultConfigurationIsVisible = 0;
			defaultConfigurationName = Release;
		};
		669DD98D2630256000A67963 /* Build configuration list for PBXNativeTarget "ExpandCell.EbueroApp" */ = {
			isa = XCConfigurationList;
			buildConfigurations = (
				669DD98E2630256000A67963 /* Debug */,
				669DD98F2630256000A67963 /* Release */,
			);
			defaultConfigurationIsVisible = 0;
			defaultConfigurationName = Release;
		};
/* End XCConfigurationList section */

/* Begin XCVersionGroup section */
		669DD9822630255E00A67963 /* ExpandCell_EbueroApp.xcdatamodeld */ = {
			isa = XCVersionGroup;
			children = (
				669DD9832630255E00A67963 /* ExpandCell_EbueroApp.xcdatamodel */,
			);
			currentVersion = 669DD9832630255E00A67963 /* ExpandCell_EbueroApp.xcdatamodel */;
			path = ExpandCell_EbueroApp.xcdatamodeld;
			sourceTree = "<group>";
			versionGroupType = wrapper.xcdatamodel;
		};
/* End XCVersionGroup section */
	};
	rootObject = 669DD96E2630255E00A67963 /* Project object */;
}
